
Microsoft Visual Studio Solution File, Format Version 12.00
# Visual Studio Version 16
VisualStudioVersion = 16.0.34301.259
MinimumVisualStudioVersion = 10.0.40219.1
Project("{FAE04EC0-301F-11D3-BF4B-00C04F79EFBC}") = "quiz", "quiz.csproj", "{D23AD1CA-EBA7-4FB5-8CF2-FE431A0DEAF1}"
EndProject
Global
	GlobalSection(SolutionConfigurationPlatforms) = preSolution
		Debug|Any CPU = Debug|Any CPU
		Release|Any CPU = Release|Any CPU
	EndGlobalSection
	GlobalSection(ProjectConfigurationPlatforms) = postSolution
		{D23AD1CA-EBA7-4FB5-8CF2-FE431A0DEAF1}.Debug|Any CPU.ActiveCfg = Debug|Any CPU
		{D23AD1CA-EBA7-4FB5-8CF2-FE431A0DEAF1}.Debug|Any CPU.Build.0 = Debug|Any CPU
		{D23AD1CA-EBA7-4FB5-8CF2-FE431A0DEAF1}.Release|Any CPU.ActiveCfg = Release|Any CPU
		{D23AD1CA-EBA7-4FB5-8CF2-FE431A0DEAF1}.Release|Any CPU.Build.0 = Release|Any CPU
	EndGlobalSection
	GlobalSection(SolutionProperties) = preSolution
		HideSolutionNode = FALSE
	EndGlobalSection
	GlobalSection(ExtensibilityGlobals) = postSolution
		SolutionGuid = {7C7A11CA-3FA4-4A3A-B344-9ABB9D74BCB6}
	EndGlobalSection
EndGlobal
